// !$*UTF8*$!
{
	archiveVersion = 1;
	classes = {
	};
	objectVersion = 46;
	objects = {

/* Begin PBXBuildFile section */
		445C157C17C7E0830005BB56 /* numberRect.png in Resources */ = {isa = PBXBuildFile; fileRef = 445C157B17C7E0830005BB56 /* numberRect.png */; };
		6DEB98B517C83AFF00757E13 /* AVFoundation.framework in Frameworks */ = {isa = PBXBuildFile; fileRef = 6DEB98B417C83AFE00757E13 /* AVFoundation.framework */; };
		6DEB98B717C83CD200757E13 /* AudioToolbox.framework in Frameworks */ = {isa = PBXBuildFile; fileRef = 6DEB98B617C83CD200757E13 /* AudioToolbox.framework */; };
		84606BC717C7F0C200592652 /* scene02_resetBtn.png in Resources */ = {isa = PBXBuildFile; fileRef = 84606BC617C7F0C200592652 /* scene02_resetBtn.png */; };
		84C0D39217C8228800C09CB4 /* game_01btn.png in Resources */ = {isa = PBXBuildFile; fileRef = 84C0D38917C8228800C09CB4 /* game_01btn.png */; };
		84C0D39317C8228800C09CB4 /* game_02btn.png in Resources */ = {isa = PBXBuildFile; fileRef = 84C0D38A17C8228800C09CB4 /* game_02btn.png */; };
		84C0D39417C8228800C09CB4 /* game_03btn.png in Resources */ = {isa = PBXBuildFile; fileRef = 84C0D38B17C8228800C09CB4 /* game_03btn.png */; };
		84C0D39517C8228800C09CB4 /* game_04btn.png in Resources */ = {isa = PBXBuildFile; fileRef = 84C0D38C17C8228800C09CB4 /* game_04btn.png */; };
		84C0D39617C8228800C09CB4 /* game_05btn.png in Resources */ = {isa = PBXBuildFile; fileRef = 84C0D38D17C8228800C09CB4 /* game_05btn.png */; };
		84C0D39717C8228800C09CB4 /* game_06btn.png in Resources */ = {isa = PBXBuildFile; fileRef = 84C0D38E17C8228800C09CB4 /* game_06btn.png */; };
		84C0D39817C8228800C09CB4 /* game_07btn.png in Resources */ = {isa = PBXBuildFile; fileRef = 84C0D38F17C8228800C09CB4 /* game_07btn.png */; };
		84C0D39917C8228800C09CB4 /* game_08btn.png in Resources */ = {isa = PBXBuildFile; fileRef = 84C0D39017C8228800C09CB4 /* game_08btn.png */; };
		84C0D39A17C8228800C09CB4 /* game_09btn.png in Resources */ = {isa = PBXBuildFile; fileRef = 84C0D39117C8228800C09CB4 /* game_09btn.png */; };
		84CD694C17C7E67A00A60284 /* mimamo.png in Resources */ = {isa = PBXBuildFile; fileRef = 84CD693A17C7E67A00A60284 /* mimamo.png */; };
		84CD694D17C7E67A00A60284 /* minamo01.png in Resources */ = {isa = PBXBuildFile; fileRef = 84CD693B17C7E67A00A60284 /* minamo01.png */; };
		84CD694E17C7E67A00A60284 /* minamo02.png in Resources */ = {isa = PBXBuildFile; fileRef = 84CD693C17C7E67A00A60284 /* minamo02.png */; };
		84CD694F17C7E67A00A60284 /* minamo03.png in Resources */ = {isa = PBXBuildFile; fileRef = 84CD693D17C7E67A00A60284 /* minamo03.png */; };
		84CD695017C7E67A00A60284 /* minamo04.png in Resources */ = {isa = PBXBuildFile; fileRef = 84CD693E17C7E67A00A60284 /* minamo04.png */; };
		84CD695117C7E67A00A60284 /* minamo05.png in Resources */ = {isa = PBXBuildFile; fileRef = 84CD693F17C7E67A00A60284 /* minamo05.png */; };
		84CD695217C7E67A00A60284 /* minamo06.png in Resources */ = {isa = PBXBuildFile; fileRef = 84CD694017C7E67A00A60284 /* minamo06.png */; };
		84CD695317C7E67A00A60284 /* numberRect.png in Resources */ = {isa = PBXBuildFile; fileRef = 84CD694117C7E67A00A60284 /* numberRect.png */; };
		84CD695417C7E67A00A60284 /* scene01_deskBtn.png in Resources */ = {isa = PBXBuildFile; fileRef = 84CD694217C7E67A00A60284 /* scene01_deskBtn.png */; };
		84CD695517C7E67A00A60284 /* scene01_minus1Btn.png in Resources */ = {isa = PBXBuildFile; fileRef = 84CD694317C7E67A00A60284 /* scene01_minus1Btn.png */; };
		84CD695617C7E67A00A60284 /* scene01_plus1Btn.png in Resources */ = {isa = PBXBuildFile; fileRef = 84CD694417C7E67A00A60284 /* scene01_plus1Btn.png */; };
		84CD695717C7E67A00A60284 /* scene01_pocketBtn.png in Resources */ = {isa = PBXBuildFile; fileRef = 84CD694517C7E67A00A60284 /* scene01_pocketBtn.png */; };
		84CD695817C7E67A00A60284 /* scene01_startBtn.png in Resources */ = {isa = PBXBuildFile; fileRef = 84CD694617C7E67A00A60284 /* scene01_startBtn.png */; };
		84CD695917C7E67A00A60284 /* scene02_okiteruBtn.png in Resources */ = {isa = PBXBuildFile; fileRef = 84CD694717C7E67A00A60284 /* scene02_okiteruBtn.png */; };
		84CD695A17C7E67A00A60284 /* scene02_time.png in Resources */ = {isa = PBXBuildFile; fileRef = 84CD694817C7E67A00A60284 /* scene02_time.png */; };
		84CD695B17C7E67A00A60284 /* scene02_timebarOut.png in Resources */ = {isa = PBXBuildFile; fileRef = 84CD694917C7E67A00A60284 /* scene02_timebarOut.png */; };
		84CD695C17C7E67A00A60284 /* scene02_timebarSafe.png in Resources */ = {isa = PBXBuildFile; fileRef = 84CD694A17C7E67A00A60284 /* scene02_timebarSafe.png */; };
		84CD695D17C7E67A00A60284 /* scene02_timebarWarning.png in Resources */ = {isa = PBXBuildFile; fileRef = 84CD694B17C7E67A00A60284 /* scene02_timebarWarning.png */; };
		84F6FD2F17C79A71008B1231 /* scene01_deskBtn.png in Resources */ = {isa = PBXBuildFile; fileRef = 84F6FD2A17C79A71008B1231 /* scene01_deskBtn.png */; };
		84F6FD3017C79A71008B1231 /* scene01_minus1Btn.png in Resources */ = {isa = PBXBuildFile; fileRef = 84F6FD2B17C79A71008B1231 /* scene01_minus1Btn.png */; };
		84F6FD3117C79A71008B1231 /* scene01_plus1Btn.png in Resources */ = {isa = PBXBuildFile; fileRef = 84F6FD2C17C79A71008B1231 /* scene01_plus1Btn.png */; };
		84F6FD3217C79A71008B1231 /* scene01_pocketBtn.png in Resources */ = {isa = PBXBuildFile; fileRef = 84F6FD2D17C79A71008B1231 /* scene01_pocketBtn.png */; };
		84F6FD3317C79A71008B1231 /* scene01_startBtn.png in Resources */ = {isa = PBXBuildFile; fileRef = 84F6FD2E17C79A71008B1231 /* scene01_startBtn.png */; };
		C206278B17C59B4A001A581A /* UIKit.framework in Frameworks */ = {isa = PBXBuildFile; fileRef = C206278A17C59B4A001A581A /* UIKit.framework */; };
		C206278D17C59B4A001A581A /* Foundation.framework in Frameworks */ = {isa = PBXBuildFile; fileRef = C206278C17C59B4A001A581A /* Foundation.framework */; };
		C206278F17C59B4A001A581A /* CoreGraphics.framework in Frameworks */ = {isa = PBXBuildFile; fileRef = C206278E17C59B4A001A581A /* CoreGraphics.framework */; };
		C206279517C59B4B001A581A /* InfoPlist.strings in Resources */ = {isa = PBXBuildFile; fileRef = C206279317C59B4B001A581A /* InfoPlist.strings */; };
		C206279717C59B4B001A581A /* main.m in Sources */ = {isa = PBXBuildFile; fileRef = C206279617C59B4B001A581A /* main.m */; };
		C206279B17C59B4B001A581A /* AppDelegate.m in Sources */ = {isa = PBXBuildFile; fileRef = C206279A17C59B4B001A581A /* AppDelegate.m */; };
		C206279D17C59B4B001A581A /* Default.png in Resources */ = {isa = PBXBuildFile; fileRef = C206279C17C59B4B001A581A /* Default.png */; };
		C206279F17C59B4B001A581A /* Default@2x.png in Resources */ = {isa = PBXBuildFile; fileRef = C206279E17C59B4B001A581A /* Default@2x.png */; };
		C20627A117C59B4B001A581A /* Default-568h@2x.png in Resources */ = {isa = PBXBuildFile; fileRef = C20627A017C59B4B001A581A /* Default-568h@2x.png */; };
		C20627A417C59B4B001A581A /* MainStoryboard.storyboard in Resources */ = {isa = PBXBuildFile; fileRef = C20627A217C59B4B001A581A /* MainStoryboard.storyboard */; };
		C20627A717C59B4B001A581A /* TopViewController.m in Sources */ = {isa = PBXBuildFile; fileRef = C20627A617C59B4B001A581A /* TopViewController.m */; };
		C2BB070517C70EAC0086413B /* TimerViewController.m in Sources */ = {isa = PBXBuildFile; fileRef = C2BB070417C70EAC0086413B /* TimerViewController.m */; };
/* End PBXBuildFile section */

/* Begin PBXFileReference section */
		445C157B17C7E0830005BB56 /* numberRect.png */ = {isa = PBXFileReference; lastKnownFileType = image.png; path = numberRect.png; sourceTree = "<group>"; };
		6DEB98B417C83AFE00757E13 /* AVFoundation.framework */ = {isa = PBXFileReference; lastKnownFileType = wrapper.framework; name = AVFoundation.framework; path = System/Library/Frameworks/AVFoundation.framework; sourceTree = SDKROOT; };
		6DEB98B617C83CD200757E13 /* AudioToolbox.framework */ = {isa = PBXFileReference; lastKnownFileType = wrapper.framework; name = AudioToolbox.framework; path = System/Library/Frameworks/AudioToolbox.framework; sourceTree = SDKROOT; };
		84606BC617C7F0C200592652 /* scene02_resetBtn.png */ = {isa = PBXFileReference; lastKnownFileType = image.png; path = scene02_resetBtn.png; sourceTree = "<group>"; };
		84C0D38917C8228800C09CB4 /* game_01btn.png */ = {isa = PBXFileReference; lastKnownFileType = image.png; path = game_01btn.png; sourceTree = "<group>"; };
		84C0D38A17C8228800C09CB4 /* game_02btn.png */ = {isa = PBXFileReference; lastKnownFileType = image.png; path = game_02btn.png; sourceTree = "<group>"; };
		84C0D38B17C8228800C09CB4 /* game_03btn.png */ = {isa = PBXFileReference; lastKnownFileType = image.png; path = game_03btn.png; sourceTree = "<group>"; };
		84C0D38C17C8228800C09CB4 /* game_04btn.png */ = {isa = PBXFileReference; lastKnownFileType = image.png; path = game_04btn.png; sourceTree = "<group>"; };
		84C0D38D17C8228800C09CB4 /* game_05btn.png */ = {isa = PBXFileReference; lastKnownFileType = image.png; path = game_05btn.png; sourceTree = "<group>"; };
		84C0D38E17C8228800C09CB4 /* game_06btn.png */ = {isa = PBXFileReference; lastKnownFileType = image.png; path = game_06btn.png; sourceTree = "<group>"; };
		84C0D38F17C8228800C09CB4 /* game_07btn.png */ = {isa = PBXFileReference; lastKnownFileType = image.png; path = game_07btn.png; sourceTree = "<group>"; };
		84C0D39017C8228800C09CB4 /* game_08btn.png */ = {isa = PBXFileReference; lastKnownFileType = image.png; path = game_08btn.png; sourceTree = "<group>"; };
		84C0D39117C8228800C09CB4 /* game_09btn.png */ = {isa = PBXFileReference; lastKnownFileType = image.png; path = game_09btn.png; sourceTree = "<group>"; };
		84CD693A17C7E67A00A60284 /* mimamo.png */ = {isa = PBXFileReference; lastKnownFileType = image.png; path = mimamo.png; sourceTree = "<group>"; };
		84CD693B17C7E67A00A60284 /* minamo01.png */ = {isa = PBXFileReference; lastKnownFileType = image.png; path = minamo01.png; sourceTree = "<group>"; };
		84CD693C17C7E67A00A60284 /* minamo02.png */ = {isa = PBXFileReference; lastKnownFileType = image.png; path = minamo02.png; sourceTree = "<group>"; };
		84CD693D17C7E67A00A60284 /* minamo03.png */ = {isa = PBXFileReference; lastKnownFileType = image.png; path = minamo03.png; sourceTree = "<group>"; };
		84CD693E17C7E67A00A60284 /* minamo04.png */ = {isa = PBXFileReference; lastKnownFileType = image.png; path = minamo04.png; sourceTree = "<group>"; };
		84CD693F17C7E67A00A60284 /* minamo05.png */ = {isa = PBXFileReference; lastKnownFileType = image.png; path = minamo05.png; sourceTree = "<group>"; };
		84CD694017C7E67A00A60284 /* minamo06.png */ = {isa = PBXFileReference; lastKnownFileType = image.png; path = minamo06.png; sourceTree = "<group>"; };
		84CD694117C7E67A00A60284 /* numberRect.png */ = {isa = PBXFileReference; lastKnownFileType = image.png; path = numberRect.png; sourceTree = "<group>"; };
		84CD694217C7E67A00A60284 /* scene01_deskBtn.png */ = {isa = PBXFileReference; lastKnownFileType = image.png; path = scene01_deskBtn.png; sourceTree = "<group>"; };
		84CD694317C7E67A00A60284 /* scene01_minus1Btn.png */ = {isa = PBXFileReference; lastKnownFileType = image.png; path = scene01_minus1Btn.png; sourceTree = "<group>"; };
		84CD694417C7E67A00A60284 /* scene01_plus1Btn.png */ = {isa = PBXFileReference; lastKnownFileType = image.png; path = scene01_plus1Btn.png; sourceTree = "<group>"; };
		84CD694517C7E67A00A60284 /* scene01_pocketBtn.png */ = {isa = PBXFileReference; lastKnownFileType = image.png; path = scene01_pocketBtn.png; sourceTree = "<group>"; };
		84CD694617C7E67A00A60284 /* scene01_startBtn.png */ = {isa = PBXFileReference; lastKnownFileType = image.png; path = scene01_startBtn.png; sourceTree = "<group>"; };
		84CD694717C7E67A00A60284 /* scene02_okiteruBtn.png */ = {isa = PBXFileReference; lastKnownFileType = image.png; path = scene02_okiteruBtn.png; sourceTree = "<group>"; };
		84CD694817C7E67A00A60284 /* scene02_time.png */ = {isa = PBXFileReference; lastKnownFileType = image.png; path = scene02_time.png; sourceTree = "<group>"; };
		84CD694917C7E67A00A60284 /* scene02_timebarOut.png */ = {isa = PBXFileReference; lastKnownFileType = image.png; path = scene02_timebarOut.png; sourceTree = "<group>"; };
		84CD694A17C7E67A00A60284 /* scene02_timebarSafe.png */ = {isa = PBXFileReference; lastKnownFileType = image.png; path = scene02_timebarSafe.png; sourceTree = "<group>"; };
		84CD694B17C7E67A00A60284 /* scene02_timebarWarning.png */ = {isa = PBXFileReference; lastKnownFileType = image.png; path = scene02_timebarWarning.png; sourceTree = "<group>"; };
		84F6FD2A17C79A71008B1231 /* scene01_deskBtn.png */ = {isa = PBXFileReference; lastKnownFileType = image.png; path = scene01_deskBtn.png; sourceTree = "<group>"; };
		84F6FD2B17C79A71008B1231 /* scene01_minus1Btn.png */ = {isa = PBXFileReference; lastKnownFileType = image.png; path = scene01_minus1Btn.png; sourceTree = "<group>"; };
		84F6FD2C17C79A71008B1231 /* scene01_plus1Btn.png */ = {isa = PBXFileReference; lastKnownFileType = image.png; path = scene01_plus1Btn.png; sourceTree = "<group>"; };
		84F6FD2D17C79A71008B1231 /* scene01_pocketBtn.png */ = {isa = PBXFileReference; lastKnownFileType = image.png; path = scene01_pocketBtn.png; sourceTree = "<group>"; };
		84F6FD2E17C79A71008B1231 /* scene01_startBtn.png */ = {isa = PBXFileReference; lastKnownFileType = image.png; path = scene01_startBtn.png; sourceTree = "<group>"; };
		C206278717C59B4A001A581A /* SummerCamp.app */ = {isa = PBXFileReference; explicitFileType = wrapper.application; includeInIndex = 0; path = SummerCamp.app; sourceTree = BUILT_PRODUCTS_DIR; };
		C206278A17C59B4A001A581A /* UIKit.framework */ = {isa = PBXFileReference; lastKnownFileType = wrapper.framework; name = UIKit.framework; path = System/Library/Frameworks/UIKit.framework; sourceTree = SDKROOT; };
		C206278C17C59B4A001A581A /* Foundation.framework */ = {isa = PBXFileReference; lastKnownFileType = wrapper.framework; name = Foundation.framework; path = System/Library/Frameworks/Foundation.framework; sourceTree = SDKROOT; };
		C206278E17C59B4A001A581A /* CoreGraphics.framework */ = {isa = PBXFileReference; lastKnownFileType = wrapper.framework; name = CoreGraphics.framework; path = System/Library/Frameworks/CoreGraphics.framework; sourceTree = SDKROOT; };
		C206279217C59B4B001A581A /* SummerCamp-Info.plist */ = {isa = PBXFileReference; lastKnownFileType = text.plist.xml; path = "SummerCamp-Info.plist"; sourceTree = "<group>"; };
		C206279417C59B4B001A581A /* en */ = {isa = PBXFileReference; lastKnownFileType = text.plist.strings; name = en; path = en.lproj/InfoPlist.strings; sourceTree = "<group>"; };
		C206279617C59B4B001A581A /* main.m */ = {isa = PBXFileReference; lastKnownFileType = sourcecode.c.objc; path = main.m; sourceTree = "<group>"; };
		C206279817C59B4B001A581A /* SummerCamp-Prefix.pch */ = {isa = PBXFileReference; lastKnownFileType = sourcecode.c.h; path = "SummerCamp-Prefix.pch"; sourceTree = "<group>"; };
		C206279917C59B4B001A581A /* AppDelegate.h */ = {isa = PBXFileReference; lastKnownFileType = sourcecode.c.h; path = AppDelegate.h; sourceTree = "<group>"; };
		C206279A17C59B4B001A581A /* AppDelegate.m */ = {isa = PBXFileReference; lastKnownFileType = sourcecode.c.objc; path = AppDelegate.m; sourceTree = "<group>"; };
		C206279C17C59B4B001A581A /* Default.png */ = {isa = PBXFileReference; lastKnownFileType = image.png; path = Default.png; sourceTree = "<group>"; };
		C206279E17C59B4B001A581A /* Default@2x.png */ = {isa = PBXFileReference; lastKnownFileType = image.png; path = "Default@2x.png"; sourceTree = "<group>"; };
		C20627A017C59B4B001A581A /* Default-568h@2x.png */ = {isa = PBXFileReference; lastKnownFileType = image.png; path = "Default-568h@2x.png"; sourceTree = "<group>"; };
		C20627A317C59B4B001A581A /* en */ = {isa = PBXFileReference; lastKnownFileType = file.storyboard; name = en; path = en.lproj/MainStoryboard.storyboard; sourceTree = "<group>"; };
		C20627A517C59B4B001A581A /* TopViewController.h */ = {isa = PBXFileReference; lastKnownFileType = sourcecode.c.h; path = TopViewController.h; sourceTree = "<group>"; };
		C20627A617C59B4B001A581A /* TopViewController.m */ = {isa = PBXFileReference; lastKnownFileType = sourcecode.c.objc; path = TopViewController.m; sourceTree = "<group>"; };
		C2BB070317C70EAC0086413B /* TimerViewController.h */ = {isa = PBXFileReference; fileEncoding = 4; lastKnownFileType = sourcecode.c.h; path = TimerViewController.h; sourceTree = "<group>"; };
		C2BB070417C70EAC0086413B /* TimerViewController.m */ = {isa = PBXFileReference; fileEncoding = 4; lastKnownFileType = sourcecode.c.objc; path = TimerViewController.m; sourceTree = "<group>"; };
/* End PBXFileReference section */

/* Begin PBXFrameworksBuildPhase section */
		C206278417C59B4A001A581A /* Frameworks */ = {
			isa = PBXFrameworksBuildPhase;
			buildActionMask = 2147483647;
			files = (
				6DEB98B717C83CD200757E13 /* AudioToolbox.framework in Frameworks */,
				6DEB98B517C83AFF00757E13 /* AVFoundation.framework in Frameworks */,
				C206278B17C59B4A001A581A /* UIKit.framework in Frameworks */,
				C206278D17C59B4A001A581A /* Foundation.framework in Frameworks */,
				C206278F17C59B4A001A581A /* CoreGraphics.framework in Frameworks */,
			);
			runOnlyForDeploymentPostprocessing = 0;
		};
/* End PBXFrameworksBuildPhase section */

/* Begin PBXGroup section */
		84F6FD2917C79A59008B1231 /* images */ = {
			isa = PBXGroup;
			children = (
				84606BC617C7F0C200592652 /* scene02_resetBtn.png */,
				84C0D38917C8228800C09CB4 /* game_01btn.png */,
				84C0D38A17C8228800C09CB4 /* game_02btn.png */,
				84C0D38B17C8228800C09CB4 /* game_03btn.png */,
				84C0D38C17C8228800C09CB4 /* game_04btn.png */,
				84C0D38D17C8228800C09CB4 /* game_05btn.png */,
				84C0D38E17C8228800C09CB4 /* game_06btn.png */,
				84C0D38F17C8228800C09CB4 /* game_07btn.png */,
				84C0D39017C8228800C09CB4 /* game_08btn.png */,
				84C0D39117C8228800C09CB4 /* game_09btn.png */,
				84CD693A17C7E67A00A60284 /* mimamo.png */,
				84CD693B17C7E67A00A60284 /* minamo01.png */,
				84CD693C17C7E67A00A60284 /* minamo02.png */,
				84CD693D17C7E67A00A60284 /* minamo03.png */,
				84CD693E17C7E67A00A60284 /* minamo04.png */,
				84CD693F17C7E67A00A60284 /* minamo05.png */,
				84CD694017C7E67A00A60284 /* minamo06.png */,
				84CD694117C7E67A00A60284 /* numberRect.png */,
				84CD694217C7E67A00A60284 /* scene01_deskBtn.png */,
				84CD694317C7E67A00A60284 /* scene01_minus1Btn.png */,
				84CD694417C7E67A00A60284 /* scene01_plus1Btn.png */,
				84CD694517C7E67A00A60284 /* scene01_pocketBtn.png */,
				84CD694617C7E67A00A60284 /* scene01_startBtn.png */,
				84CD694717C7E67A00A60284 /* scene02_okiteruBtn.png */,
				84CD694817C7E67A00A60284 /* scene02_time.png */,
				84CD694917C7E67A00A60284 /* scene02_timebarOut.png */,
				84CD694A17C7E67A00A60284 /* scene02_timebarSafe.png */,
				84CD694B17C7E67A00A60284 /* scene02_timebarWarning.png */,
				445C157B17C7E0830005BB56 /* numberRect.png */,
				84F6FD2A17C79A71008B1231 /* scene01_deskBtn.png */,
				84F6FD2B17C79A71008B1231 /* scene01_minus1Btn.png */,
				84F6FD2C17C79A71008B1231 /* scene01_plus1Btn.png */,
				84F6FD2D17C79A71008B1231 /* scene01_pocketBtn.png */,
				84F6FD2E17C79A71008B1231 /* scene01_startBtn.png */,
			);
			name = images;
			sourceTree = "<group>";
		};
		C206277E17C59B4A001A581A = {
			isa = PBXGroup;
			children = (
				C206279017C59B4A001A581A /* SummerCamp */,
				C206278917C59B4A001A581A /* Frameworks */,
				C206278817C59B4A001A581A /* Products */,
			);
			sourceTree = "<group>";
		};
		C206278817C59B4A001A581A /* Products */ = {
			isa = PBXGroup;
			children = (
				C206278717C59B4A001A581A /* SummerCamp.app */,
			);
			name = Products;
			sourceTree = "<group>";
		};
		C206278917C59B4A001A581A /* Frameworks */ = {
			isa = PBXGroup;
			children = (
				6DEB98B617C83CD200757E13 /* AudioToolbox.framework */,
				6DEB98B417C83AFE00757E13 /* AVFoundation.framework */,
				C206278A17C59B4A001A581A /* UIKit.framework */,
				C206278C17C59B4A001A581A /* Foundation.framework */,
				C206278E17C59B4A001A581A /* CoreGraphics.framework */,
			);
			name = Frameworks;
			sourceTree = "<group>";
		};
		C206279017C59B4A001A581A /* SummerCamp */ = {
			isa = PBXGroup;
			children = (
				C2BB070617C70EB50086413B /* Top */,
				C2BB070717C70EBE0086413B /* Timer */,
				C206279917C59B4B001A581A /* AppDelegate.h */,
				C206279A17C59B4B001A581A /* AppDelegate.m */,
				C20627A217C59B4B001A581A /* MainStoryboard.storyboard */,
				C206279117C59B4B001A581A /* Supporting Files */,
			);
			path = SummerCamp;
			sourceTree = "<group>";
		};
		C206279117C59B4B001A581A /* Supporting Files */ = {
			isa = PBXGroup;
			children = (
				84F6FD2917C79A59008B1231 /* images */,
				C206279217C59B4B001A581A /* SummerCamp-Info.plist */,
				C206279317C59B4B001A581A /* InfoPlist.strings */,
				C206279617C59B4B001A581A /* main.m */,
				C206279817C59B4B001A581A /* SummerCamp-Prefix.pch */,
				C206279C17C59B4B001A581A /* Default.png */,
				C206279E17C59B4B001A581A /* Default@2x.png */,
				C20627A017C59B4B001A581A /* Default-568h@2x.png */,
			);
			name = "Supporting Files";
			sourceTree = "<group>";
		};
		C2BB070617C70EB50086413B /* Top */ = {
			isa = PBXGroup;
			children = (
				C20627A517C59B4B001A581A /* TopViewController.h */,
				C20627A617C59B4B001A581A /* TopViewController.m */,
			);
			name = Top;
			sourceTree = "<group>";
		};
		C2BB070717C70EBE0086413B /* Timer */ = {
			isa = PBXGroup;
			children = (
				C2BB070317C70EAC0086413B /* TimerViewController.h */,
				C2BB070417C70EAC0086413B /* TimerViewController.m */,
			);
			name = Timer;
			sourceTree = "<group>";
		};
/* End PBXGroup section */

/* Begin PBXNativeTarget section */
		C206278617C59B4A001A581A /* SummerCamp */ = {
			isa = PBXNativeTarget;
			buildConfigurationList = C20627AA17C59B4B001A581A /* Build configuration list for PBXNativeTarget "SummerCamp" */;
			buildPhases = (
				C206278317C59B4A001A581A /* Sources */,
				C206278417C59B4A001A581A /* Frameworks */,
				C206278517C59B4A001A581A /* Resources */,
			);
			buildRules = (
			);
			dependencies = (
			);
			name = SummerCamp;
			productName = SummerCamp;
			productReference = C206278717C59B4A001A581A /* SummerCamp.app */;
			productType = "com.apple.product-type.application";
		};
/* End PBXNativeTarget section */

/* Begin PBXProject section */
		C206277F17C59B4A001A581A /* Project object */ = {
			isa = PBXProject;
			attributes = {
				LastUpgradeCheck = 0460;
				ORGANIZATIONNAME = "Tadahiro Mitsuyo";
			};
			buildConfigurationList = C206278217C59B4A001A581A /* Build configuration list for PBXProject "SummerCamp" */;
			compatibilityVersion = "Xcode 3.2";
			developmentRegion = English;
			hasScannedForEncodings = 0;
			knownRegions = (
				en,
			);
			mainGroup = C206277E17C59B4A001A581A;
			productRefGroup = C206278817C59B4A001A581A /* Products */;
			projectDirPath = "";
			projectRoot = "";
			targets = (
				C206278617C59B4A001A581A /* SummerCamp */,
			);
		};
/* End PBXProject section */

/* Begin PBXResourcesBuildPhase section */
		C206278517C59B4A001A581A /* Resources */ = {
			isa = PBXResourcesBuildPhase;
			buildActionMask = 2147483647;
			files = (
				C206279517C59B4B001A581A /* InfoPlist.strings in Resources */,
				C206279D17C59B4B001A581A /* Default.png in Resources */,
				C206279F17C59B4B001A581A /* Default@2x.png in Resources */,
				C20627A117C59B4B001A581A /* Default-568h@2x.png in Resources */,
				C20627A417C59B4B001A581A /* MainStoryboard.storyboard in Resources */,
				84F6FD2F17C79A71008B1231 /* scene01_deskBtn.png in Resources */,
				84F6FD3017C79A71008B1231 /* scene01_minus1Btn.png in Resources */,
				84F6FD3117C79A71008B1231 /* scene01_plus1Btn.png in Resources */,
				84F6FD3217C79A71008B1231 /* scene01_pocketBtn.png in Resources */,
				84F6FD3317C79A71008B1231 /* scene01_startBtn.png in Resources */,
				445C157C17C7E0830005BB56 /* numberRect.png in Resources */,
				84CD694C17C7E67A00A60284 /* mimamo.png in Resources */,
				84CD694D17C7E67A00A60284 /* minamo01.png in Resources */,
				84CD694E17C7E67A00A60284 /* minamo02.png in Resources */,
				84CD694F17C7E67A00A60284 /* minamo03.png in Resources */,
				84CD695017C7E67A00A60284 /* minamo04.png in Resources */,
				84CD695117C7E67A00A60284 /* minamo05.png in Resources */,
				84CD695217C7E67A00A60284 /* minamo06.png in Resources */,
				84CD695317C7E67A00A60284 /* numberRect.png in Resources */,
				84CD695417C7E67A00A60284 /* scene01_deskBtn.png in Resources */,
				84CD695517C7E67A00A60284 /* scene01_minus1Btn.png in Resources */,
				84CD695617C7E67A00A60284 /* scene01_plus1Btn.png in Resources */,
				84CD695717C7E67A00A60284 /* scene01_pocketBtn.png in Resources */,
				84CD695817C7E67A00A60284 /* scene01_startBtn.png in Resources */,
				84CD695917C7E67A00A60284 /* scene02_okiteruBtn.png in Resources */,
				84CD695A17C7E67A00A60284 /* scene02_time.png in Resources */,
				84CD695B17C7E67A00A60284 /* scene02_timebarOut.png in Resources */,
				84CD695C17C7E67A00A60284 /* scene02_timebarSafe.png in Resources */,
				84CD695D17C7E67A00A60284 /* scene02_timebarWarning.png in Resources */,
				84606BC717C7F0C200592652 /* scene02_resetBtn.png in Resources */,
				84C0D39217C8228800C09CB4 /* game_01btn.png in Resources */,
				84C0D39317C8228800C09CB4 /* game_02btn.png in Resources */,
				84C0D39417C8228800C09CB4 /* game_03btn.png in Resources */,
				84C0D39517C8228800C09CB4 /* game_04btn.png in Resources */,
				84C0D39617C8228800C09CB4 /* game_05btn.png in Resources */,
				84C0D39717C8228800C09CB4 /* game_06btn.png in Resources */,
				84C0D39817C8228800C09CB4 /* game_07btn.png in Resources */,
				84C0D39917C8228800C09CB4 /* game_08btn.png in Resources */,
				84C0D39A17C8228800C09CB4 /* game_09btn.png in Resources */,
			);
			runOnlyForDeploymentPostprocessing = 0;
		};
/* End PBXResourcesBuildPhase section */

/* Begin PBXSourcesBuildPhase section */
		C206278317C59B4A001A581A /* Sources */ = {
			isa = PBXSourcesBuildPhase;
			buildActionMask = 2147483647;
			files = (
				C206279717C59B4B001A581A /* main.m in Sources */,
				C206279B17C59B4B001A581A /* AppDelegate.m in Sources */,
				C20627A717C59B4B001A581A /* TopViewController.m in Sources */,
				C2BB070517C70EAC0086413B /* TimerViewController.m in Sources */,
			);
			runOnlyForDeploymentPostprocessing = 0;
		};
/* End PBXSourcesBuildPhase section */

/* Begin PBXVariantGroup section */
		C206279317C59B4B001A581A /* InfoPlist.strings */ = {
			isa = PBXVariantGroup;
			children = (
				C206279417C59B4B001A581A /* en */,
			);
			name = InfoPlist.strings;
			sourceTree = "<group>";
		};
		C20627A217C59B4B001A581A /* MainStoryboard.storyboard */ = {
			isa = PBXVariantGroup;
			children = (
				C20627A317C59B4B001A581A /* en */,
			);
			name = MainStoryboard.storyboard;
			sourceTree = "<group>";
		};
/* End PBXVariantGroup section */

/* Begin XCBuildConfiguration section */
		C20627A817C59B4B001A581A /* Debug */ = {
			isa = XCBuildConfiguration;
			buildSettings = {
				ALWAYS_SEARCH_USER_PATHS = NO;
				CLANG_CXX_LANGUAGE_STANDARD = "gnu++0x";
				CLANG_CXX_LIBRARY = "libc++";
				CLANG_ENABLE_OBJC_ARC = YES;
				CLANG_WARN_CONSTANT_CONVERSION = YES;
				CLANG_WARN_EMPTY_BODY = YES;
				CLANG_WARN_ENUM_CONVERSION = YES;
				CLANG_WARN_INT_CONVERSION = YES;
				CLANG_WARN__DUPLICATE_METHOD_MATCH = YES;
				"CODE_SIGN_IDENTITY[sdk=iphoneos*]" = "iPhone Developer";
				COPY_PHASE_STRIP = NO;
				GCC_C_LANGUAGE_STANDARD = gnu99;
				GCC_DYNAMIC_NO_PIC = NO;
				GCC_OPTIMIZATION_LEVEL = 0;
				GCC_PREPROCESSOR_DEFINITIONS = (
					"DEBUG=1",
					"$(inherited)",
				);
				GCC_SYMBOLS_PRIVATE_EXTERN = NO;
				GCC_WARN_ABOUT_RETURN_TYPE = YES;
				GCC_WARN_UNINITIALIZED_AUTOS = YES;
				GCC_WARN_UNUSED_VARIABLE = YES;
				IPHONEOS_DEPLOYMENT_TARGET = 6.1;
				ONLY_ACTIVE_ARCH = YES;
				SDKROOT = iphoneos;
			};
			name = Debug;
		};
		C20627A917C59B4B001A581A /* Release */ = {
			isa = XCBuildConfiguration;
			buildSettings = {
				ALWAYS_SEARCH_USER_PATHS = NO;
				CLANG_CXX_LANGUAGE_STANDARD = "gnu++0x";
				CLANG_CXX_LIBRARY = "libc++";
				CLANG_ENABLE_OBJC_ARC = YES;
				CLANG_WARN_CONSTANT_CONVERSION = YES;
				CLANG_WARN_EMPTY_BODY = YES;
				CLANG_WARN_ENUM_CONVERSION = YES;
				CLANG_WARN_INT_CONVERSION = YES;
				CLANG_WARN__DUPLICATE_METHOD_MATCH = YES;
				"CODE_SIGN_IDENTITY[sdk=iphoneos*]" = "iPhone Developer";
				COPY_PHASE_STRIP = YES;
				GCC_C_LANGUAGE_STANDARD = gnu99;
				GCC_WARN_ABOUT_RETURN_TYPE = YES;
				GCC_WARN_UNINITIALIZED_AUTOS = YES;
				GCC_WARN_UNUSED_VARIABLE = YES;
				IPHONEOS_DEPLOYMENT_TARGET = 6.1;
				OTHER_CFLAGS = "-DNS_BLOCK_ASSERTIONS=1";
				SDKROOT = iphoneos;
				VALIDATE_PRODUCT = YES;
			};
			name = Release;
		};
		C20627AB17C59B4B001A581A /* Debug */ = {
			isa = XCBuildConfiguration;
			buildSettings = {
				GCC_PRECOMPILE_PREFIX_HEADER = YES;
				GCC_PREFIX_HEADER = "SummerCamp/SummerCamp-Prefix.pch";
				INFOPLIST_FILE = "SummerCamp/SummerCamp-Info.plist";
				PRODUCT_NAME = "$(TARGET_NAME)";
				WRAPPER_EXTENSION = app;
			};
			name = Debug;
		};
		C20627AC17C59B4B001A581A /* Release */ = {
			isa = XCBuildConfiguration;
			buildSettings = {
				GCC_PRECOMPILE_PREFIX_HEADER = YES;
				GCC_PREFIX_HEADER = "SummerCamp/SummerCamp-Prefix.pch";
				INFOPLIST_FILE = "SummerCamp/SummerCamp-Info.plist";
				PRODUCT_NAME = "$(TARGET_NAME)";
				WRAPPER_EXTENSION = app;
			};
			name = Release;
		};
/* End XCBuildConfiguration section */

/* Begin XCConfigurationList section */
		C206278217C59B4A001A581A /* Build configuration list for PBXProject "SummerCamp" */ = {
			isa = XCConfigurationList;
			buildConfigurations = (
				C20627A817C59B4B001A581A /* Debug */,
				C20627A917C59B4B001A581A /* Release */,
			);
			defaultConfigurationIsVisible = 0;
			defaultConfigurationName = Release;
		};
		C20627AA17C59B4B001A581A /* Build configuration list for PBXNativeTarget "SummerCamp" */ = {
			isa = XCConfigurationList;
			buildConfigurations = (
				C20627AB17C59B4B001A581A /* Debug */,
				C20627AC17C59B4B001A581A /* Release */,
			);
			defaultConfigurationIsVisible = 0;
			defaultConfigurationName = Release;
		};
/* End XCConfigurationList section */
	};
	rootObject = C206277F17C59B4A001A581A /* Project object */;
}
